
Microsoft Visual Studio Solution File, Format Version 12.00
# Visual Studio Version 17
VisualStudioVersion = 17.5.33414.496
MinimumVisualStudioVersion = 10.0.40219.1
Project("{FAE04EC0-301F-11D3-BF4B-00C04F79EFBC}") = "TP_MOD3_1302210094", "TP_MOD3_1302210094\TP_MOD3_1302210094.csproj", "{5A1029FB-E3C6-4E54-BF8F-3CD4487DF656}"
EndProject
Global
	GlobalSection(SolutionConfigurationPlatforms) = preSolution
		Debug|Any CPU = Debug|Any CPU
		Release|Any CPU = Release|Any CPU
	EndGlobalSection
	GlobalSection(ProjectConfigurationPlatforms) = postSolution
		{5A1029FB-E3C6-4E54-BF8F-3CD4487DF656}.Debug|Any CPU.ActiveCfg = Debug|Any CPU
		{5A1029FB-E3C6-4E54-BF8F-3CD4487DF656}.Debug|Any CPU.Build.0 = Debug|Any CPU
		{5A1029FB-E3C6-4E54-BF8F-3CD4487DF656}.Release|Any CPU.ActiveCfg = Release|Any CPU
		{5A1029FB-E3C6-4E54-BF8F-3CD4487DF656}.Release|Any CPU.Build.0 = Release|Any CPU
	EndGlobalSection
	GlobalSection(SolutionProperties) = preSolution
		HideSolutionNode = FALSE
	EndGlobalSection
	GlobalSection(ExtensibilityGlobals) = postSolution
		SolutionGuid = {97400B3F-F196-482A-8FCD-94D5E4A32616}
	EndGlobalSection
EndGlobal
